// !$*UTF8*$!
{
	archiveVersion = 1;
	classes = {
	};
	objectVersion = 46;
	objects = {

/* Begin PBXBuildFile section */
		9073B9EB1DC3E88E00922EFC /* AppDelegate.swift in Sources */ = {isa = PBXBuildFile; fileRef = 9073B9EA1DC3E88E00922EFC /* AppDelegate.swift */; };
		9073B9ED1DC3E88E00922EFC /* ViewController.swift in Sources */ = {isa = PBXBuildFile; fileRef = 9073B9EC1DC3E88E00922EFC /* ViewController.swift */; };
		9073B9F01DC3E88E00922EFC /* Main.storyboard in Resources */ = {isa = PBXBuildFile; fileRef = 9073B9EE1DC3E88E00922EFC /* Main.storyboard */; };
		9073B9F31DC3E88E00922EFC /* MySettings.xcdatamodeld in Sources */ = {isa = PBXBuildFile; fileRef = 9073B9F11DC3E88E00922EFC /* MySettings.xcdatamodeld */; };
		9073B9F51DC3E88E00922EFC /* Assets.xcassets in Resources */ = {isa = PBXBuildFile; fileRef = 9073B9F41DC3E88E00922EFC /* Assets.xcassets */; };
		9073B9F81DC3E88E00922EFC /* LaunchScreen.storyboard in Resources */ = {isa = PBXBuildFile; fileRef = 9073B9F61DC3E88E00922EFC /* LaunchScreen.storyboard */; };
/* End PBXBuildFile section */

/* Begin PBXFileReference section */
		9073B9E71DC3E88E00922EFC /* MySettings.app */ = {isa = PBXFileReference; explicitFileType = wrapper.application; includeInIndex = 0; path = MySettings.app; sourceTree = BUILT_PRODUCTS_DIR; };
		9073B9EA1DC3E88E00922EFC /* AppDelegate.swift */ = {isa = PBXFileReference; lastKnownFileType = sourcecode.swift; path = AppDelegate.swift; sourceTree = "<group>"; };
		9073B9EC1DC3E88E00922EFC /* ViewController.swift */ = {isa = PBXFileReference; lastKnownFileType = sourcecode.swift; path = ViewController.swift; sourceTree = "<group>"; };
		9073B9EF1DC3E88E00922EFC /* Base */ = {isa = PBXFileReference; lastKnownFileType = file.storyboard; name = Base; path = Base.lproj/Main.storyboard; sourceTree = "<group>"; };
		9073B9F21DC3E88E00922EFC /* MySettings.xcdatamodel */ = {isa = PBXFileReference; lastKnownFileType = wrapper.xcdatamodel; path = MySettings.xcdatamodel; sourceTree = "<group>"; };
		9073B9F41DC3E88E00922EFC /* Assets.xcassets */ = {isa = PBXFileReference; lastKnownFileType = folder.assetcatalog; path = Assets.xcassets; sourceTree = "<group>"; };
		9073B9F71DC3E88E00922EFC /* Base */ = {isa = PBXFileReference; lastKnownFileType = file.storyboard; name = Base; path = Base.lproj/LaunchScreen.storyboard; sourceTree = "<group>"; };
		9073B9F91DC3E88E00922EFC /* Info.plist */ = {isa = PBXFileReference; lastKnownFileType = text.plist.xml; path = Info.plist; sourceTree = "<group>"; };
/* End PBXFileReference section */

/* Begin PBXFrameworksBuildPhase section */
		9073B9E41DC3E88D00922EFC /* Frameworks */ = {
			isa = PBXFrameworksBuildPhase;
			buildActionMask = 2147483647;
			files = (
			);
			runOnlyForDeploymentPostprocessing = 0;
		};
/* End PBXFrameworksBuildPhase section */

/* Begin PBXGroup section */
		9073B9DE1DC3E88D00922EFC = {
			isa = PBXGroup;
			children = (
				9073B9E91DC3E88E00922EFC /* MySettings */,
				9073B9E81DC3E88E00922EFC /* Products */,
			);
			sourceTree = "<group>";
		};
		9073B9E81DC3E88E00922EFC /* Products */ = {
			isa = PBXGroup;
			children = (
				9073B9E71DC3E88E00922EFC /* MySettings.app */,
			);
			name = Products;
			sourceTree = "<group>";
		};
		9073B9E91DC3E88E00922EFC /* MySettings */ = {
			isa = PBXGroup;
			children = (
				9073B9EA1DC3E88E00922EFC /* AppDelegate.swift */,
				9073B9EC1DC3E88E00922EFC /* ViewController.swift */,
				9073B9EE1DC3E88E00922EFC /* Main.storyboard */,
				9073B9F41DC3E88E00922EFC /* Assets.xcassets */,
				9073B9F61DC3E88E00922EFC /* LaunchScreen.storyboard */,
				9073B9F91DC3E88E00922EFC /* Info.plist */,
				9073B9F11DC3E88E00922EFC /* MySettings.xcdatamodeld */,
			);
			path = MySettings;
			sourceTree = "<group>";
		};
/* End PBXGroup section */

/* Begin PBXNativeTarget section */
		9073B9E61DC3E88D00922EFC /* MySettings */ = {
			isa = PBXNativeTarget;
			buildConfigurationList = 9073B9FC1DC3E88E00922EFC /* Build configuration list for PBXNativeTarget "MySettings" */;
			buildPhases = (
				9073B9E31DC3E88D00922EFC /* Sources */,
				9073B9E41DC3E88D00922EFC /* Frameworks */,
				9073B9E51DC3E88D00922EFC /* Resources */,
			);
			buildRules = (
			);
			dependencies = (
			);
			name = MySettings;
			productName = MySettings;
			productReference = 9073B9E71DC3E88E00922EFC /* MySettings.app */;
			productType = "com.apple.product-type.application";
		};
/* End PBXNativeTarget section */

/* Begin PBXProject section */
		9073B9DF1DC3E88D00922EFC /* Project object */ = {
			isa = PBXProject;
			attributes = {
				LastSwiftUpdateCheck = 0730;
				LastUpgradeCheck = 0730;
				ORGANIZATIONNAME = "Rock Valley College";
				TargetAttributes = {
					9073B9E61DC3E88D00922EFC = {
						CreatedOnToolsVersion = 7.3.1;
					};
				};
			};
			buildConfigurationList = 9073B9E21DC3E88D00922EFC /* Build configuration list for PBXProject "MySettings" */;
			compatibilityVersion = "Xcode 3.2";
			developmentRegion = English;
			hasScannedForEncodings = 0;
			knownRegions = (
				en,
				Base,
			);
			mainGroup = 9073B9DE1DC3E88D00922EFC;
			productRefGroup = 9073B9E81DC3E88E00922EFC /* Products */;
			projectDirPath = "";
			projectRoot = "";
			targets = (
				9073B9E61DC3E88D00922EFC /* MySettings */,
			);
		};
/* End PBXProject section */

/* Begin PBXResourcesBuildPhase section */
		9073B9E51DC3E88D00922EFC /* Resources */ = {
			isa = PBXResourcesBuildPhase;
			buildActionMask = 2147483647;
			files = (
				9073B9F81DC3E88E00922EFC /* LaunchScreen.storyboard in Resources */,
				9073B9F51DC3E88E00922EFC /* Assets.xcassets in Resources */,
				9073B9F01DC3E88E00922EFC /* Main.storyboard in Resources */,
			);
			runOnlyForDeploymentPostprocessing = 0;
		};
/* End PBXResourcesBuildPhase section */

/* Begin PBXSourcesBuildPhase section */
		9073B9E31DC3E88D00922EFC /* Sources */ = {
			isa = PBXSourcesBuildPhase;
			buildActionMask = 2147483647;
			files = (
				9073B9ED1DC3E88E00922EFC /* ViewController.swift in Sources */,
				9073B9EB1DC3E88E00922EFC /* AppDelegate.swift in Sources */,
				9073B9F31DC3E88E00922EFC /* MySettings.xcdatamodeld in Sources */,
			);
			runOnlyForDeploymentPostprocessing = 0;
		};
/* End PBXSourcesBuildPhase section */

/* Begin PBXVariantGroup section */
		9073B9EE1DC3E88E00922EFC /* Main.storyboard */ = {
			isa = PBXVariantGroup;
			children = (
				9073B9EF1DC3E88E00922EFC /* Base */,
			);
			name = Main.storyboard;
			sourceTree = "<group>";
		};
		9073B9F61DC3E88E00922EFC /* LaunchScreen.storyboard */ = {
			isa = PBXVariantGroup;
			children = (
				9073B9F71DC3E88E00922EFC /* Base */,
			);
			name = LaunchScreen.storyboard;
			sourceTree = "<group>";
		};
/* End PBXVariantGroup section */

/* Begin XCBuildConfiguration section */
		9073B9FA1DC3E88E00922EFC /* Debug */ = {
			isa = XCBuildConfiguration;
			buildSettings = {
				ALWAYS_SEARCH_USER_PATHS = NO;
				CLANG_ANALYZER_NONNULL = YES;
				CLANG_CXX_LANGUAGE_STANDARD = "gnu++0x";
				CLANG_CXX_LIBRARY = "libc++";
				CLANG_ENABLE_MODULES = YES;
				CLANG_ENABLE_OBJC_ARC = YES;
				CLANG_WARN_BOOL_CONVERSION = YES;
				CLANG_WARN_CONSTANT_CONVERSION = YES;
				CLANG_WARN_DIRECT_OBJC_ISA_USAGE = YES_ERROR;
				CLANG_WARN_EMPTY_BODY = YES;
				CLANG_WARN_ENUM_CONVERSION = YES;
				CLANG_WARN_INT_CONVERSION = YES;
				CLANG_WARN_OBJC_ROOT_CLASS = YES_ERROR;
				CLANG_WARN_UNREACHABLE_CODE = YES;
				CLANG_WARN__DUPLICATE_METHOD_MATCH = YES;
				"CODE_SIGN_IDENTITY[sdk=iphoneos*]" = "iPhone Developer";
				COPY_PHASE_STRIP = NO;
				DEBUG_INFORMATION_FORMAT = dwarf;
				ENABLE_STRICT_OBJC_MSGSEND = YES;
				ENABLE_TESTABILITY = YES;
				GCC_C_LANGUAGE_STANDARD = gnu99;
				GCC_DYNAMIC_NO_PIC = NO;
				GCC_NO_COMMON_BLOCKS = YES;
				GCC_OPTIMIZATION_LEVEL = 0;
				GCC_PREPROCESSOR_DEFINITIONS = (
					"DEBUG=1",
					"$(inherited)",
				);
				GCC_WARN_64_TO_32_BIT_CONVERSION = YES;
				GCC_WARN_ABOUT_RETURN_TYPE = YES_ERROR;
				GCC_WARN_UNDECLARED_SELECTOR = YES;
				GCC_WARN_UNINITIALIZED_AUTOS = YES_AGGRESSIVE;
				GCC_WARN_UNUSED_FUNCTION = YES;
				GCC_WARN_UNUSED_VARIABLE = YES;
				IPHONEOS_DEPLOYMENT_TARGET = 9.3;
				MTL_ENABLE_DEBUG_INFO = YES;
				ONLY_ACTIVE_ARCH = YES;
				SDKROOT = iphoneos;
				SWIFT_OPTIMIZATION_LEVEL = "-Onone";
				TARGETED_DEVICE_FAMILY = "1,2";
			};
			name = Debug;
		};
		9073B9FB1DC3E88E00922EFC /* Release */ = {
			isa = XCBuildConfiguration;
			buildSettings = {
				ALWAYS_SEARCH_USER_PATHS = NO;
				CLANG_ANALYZER_NONNULL = YES;
				CLANG_CXX_LANGUAGE_STANDARD = "gnu++0x";
				CLANG_CXX_LIBRARY = "libc++";
				CLANG_ENABLE_MODULES = YES;
				CLANG_ENABLE_OBJC_ARC = YES;
				CLANG_WARN_BOOL_CONVERSION = YES;
				CLANG_WARN_CONSTANT_CONVERSION = YES;
				CLANG_WARN_DIRECT_OBJC_ISA_USAGE = YES_ERROR;
				CLANG_WARN_EMPTY_BODY = YES;
				CLANG_WARN_ENUM_CONVERSION = YES;
				CLANG_WARN_INT_CONVERSION = YES;
				CLANG_WARN_OBJC_ROOT_CLASS = YES_ERROR;
				CLANG_WARN_UNREACHABLE_CODE = YES;
				CLANG_WARN__DUPLICATE_METHOD_MATCH = YES;
				"CODE_SIGN_IDENTITY[sdk=iphoneos*]" = "iPhone Developer";
				COPY_PHASE_STRIP = NO;
				DEBUG_INFORMATION_FORMAT = "dwarf-with-dsym";
				ENABLE_NS_ASSERTIONS = NO;
				ENABLE_STRICT_OBJC_MSGSEND = YES;
				GCC_C_LANGUAGE_STANDARD = gnu99;
				GCC_NO_COMMON_BLOCKS = YES;
				GCC_WARN_64_TO_32_BIT_CONVERSION = YES;
				GCC_WARN_ABOUT_RETURN_TYPE = YES_ERROR;
				GCC_WARN_UNDECLARED_SELECTOR = YES;
				GCC_WARN_UNINITIALIZED_AUTOS = YES_AGGRESSIVE;
				GCC_WARN_UNUSED_FUNCTION = YES;
				GCC_WARN_UNUSED_VARIABLE = YES;
				IPHONEOS_DEPLOYMENT_TARGET = 9.3;
				MTL_ENABLE_DEBUG_INFO = NO;
				SDKROOT = iphoneos;
				TARGETED_DEVICE_FAMILY = "1,2";
				VALIDATE_PRODUCT = YES;
			};
			name = Release;
		};
		9073B9FD1DC3E88E00922EFC /* Debug */ = {
			isa = XCBuildConfiguration;
			buildSettings = {
				ASSETCATALOG_COMPILER_APPICON_NAME = AppIcon;
				INFOPLIST_FILE = MySettings/Info.plist;
				LD_RUNPATH_SEARCH_PATHS = "$(inherited) @executable_path/Frameworks";
				PRODUCT_BUNDLE_IDENTIFIER = edu.RockValleyCollege.MySettings;
				PRODUCT_NAME = "$(TARGET_NAME)";
			};
			name = Debug;
		};
		9073B9FE1DC3E88E00922EFC /* Release */ = {
			isa = XCBuildConfiguration;
			buildSettings = {
				ASSETCATALOG_COMPILER_APPICON_NAME = AppIcon;
				INFOPLIST_FILE = MySettings/Info.plist;
				LD_RUNPATH_SEARCH_PATHS = "$(inherited) @executable_path/Frameworks";
				PRODUCT_BUNDLE_IDENTIFIER = edu.RockValleyCollege.MySettings;
				PRODUCT_NAME = "$(TARGET_NAME)";
			};
			name = Release;
		};
/* End XCBuildConfiguration section */

/* Begin XCConfigurationList section */
		9073B9E21DC3E88D00922EFC /* Build configuration list for PBXProject "MySettings" */ = {
			isa = XCConfigurationList;
			buildConfigurations = (
				9073B9FA1DC3E88E00922EFC /* Debug */,
				9073B9FB1DC3E88E00922EFC /* Release */,
			);
			defaultConfigurationIsVisible = 0;
			defaultConfigurationName = Release;
		};
		9073B9FC1DC3E88E00922EFC /* Build configuration list for PBXNativeTarget "MySettings" */ = {
			isa = XCConfigurationList;
			buildConfigurations = (
				9073B9FD1DC3E88E00922EFC /* Debug */,
				9073B9FE1DC3E88E00922EFC /* Release */,
			);
			defaultConfigurationIsVisible = 0;
		};
/* End XCConfigurationList section */

/* Begin XCVersionGroup section */
		9073B9F11DC3E88E00922EFC /* MySettings.xcdatamodeld */ = {
			isa = XCVersionGroup;
			children = (
				9073B9F21DC3E88E00922EFC /* MySettings.xcdatamodel */,
			);
			currentVersion = 9073B9F21DC3E88E00922EFC /* MySettings.xcdatamodel */;
			path = MySettings.xcdatamodeld;
			sourceTree = "<group>";
			versionGroupType = wrapper.xcdatamodel;
		};
/* End XCVersionGroup section */
	};
	rootObject = 9073B9DF1DC3E88D00922EFC /* Project object */;
}
